
Microsoft Visual Studio Solution File, Format Version 12.00
# Visual Studio Version 16
VisualStudioVersion = 16.0.33801.447
MinimumVisualStudioVersion = 10.0.40219.1
Project("{FAE04EC0-301F-11D3-BF4B-00C04F79EFBC}") = "Conversores", "Conversores\Conversores.csproj", "{730A078A-3579-412B-B159-4B88367D8558}"
EndProject
Global
	GlobalSection(SolutionConfigurationPlatforms) = preSolution
		Debug|Any CPU = Debug|Any CPU
		Release|Any CPU = Release|Any CPU
	EndGlobalSection
	GlobalSection(ProjectConfigurationPlatforms) = postSolution
		{730A078A-3579-412B-B159-4B88367D8558}.Debug|Any CPU.ActiveCfg = Debug|Any CPU
		{730A078A-3579-412B-B159-4B88367D8558}.Debug|Any CPU.Build.0 = Debug|Any CPU
		{730A078A-3579-412B-B159-4B88367D8558}.Release|Any CPU.ActiveCfg = Release|Any CPU
		{730A078A-3579-412B-B159-4B88367D8558}.Release|Any CPU.Build.0 = Release|Any CPU
	EndGlobalSection
	GlobalSection(SolutionProperties) = preSolution
		HideSolutionNode = FALSE
	EndGlobalSection
	GlobalSection(ExtensibilityGlobals) = postSolution
		SolutionGuid = {3908F0C0-9596-47CD-9C9C-3707461E13E2}
	EndGlobalSection
EndGlobal
